// !$*UTF8*$!
{
	archiveVersion = 1;
	classes = {
	};
	objectVersion = 46;
	objects = {

/* Begin PBXBuildFile section */
		5E773AE019775FC5002B9E17 /* Foundation.framework in Frameworks */ = {isa = PBXBuildFile; fileRef = 5E773ADF19775FC5002B9E17 /* Foundation.framework */; };
		5E773AE219775FC5002B9E17 /* CoreGraphics.framework in Frameworks */ = {isa = PBXBuildFile; fileRef = 5E773AE119775FC5002B9E17 /* CoreGraphics.framework */; };
		5E773AE419775FC5002B9E17 /* UIKit.framework in Frameworks */ = {isa = PBXBuildFile; fileRef = 5E773AE319775FC5002B9E17 /* UIKit.framework */; };
		5E773AEA19775FC5002B9E17 /* InfoPlist.strings in Resources */ = {isa = PBXBuildFile; fileRef = 5E773AE819775FC5002B9E17 /* InfoPlist.strings */; };
		5E773AEC19775FC5002B9E17 /* main.m in Sources */ = {isa = PBXBuildFile; fileRef = 5E773AEB19775FC5002B9E17 /* main.m */; };
		5E773AF019775FC5002B9E17 /* AppDelegate.m in Sources */ = {isa = PBXBuildFile; fileRef = 5E773AEF19775FC5002B9E17 /* AppDelegate.m */; };
		5E773AF319775FC5002B9E17 /* Main.storyboard in Resources */ = {isa = PBXBuildFile; fileRef = 5E773AF119775FC5002B9E17 /* Main.storyboard */; };
		5E773AF619775FC5002B9E17 /* ViewController.m in Sources */ = {isa = PBXBuildFile; fileRef = 5E773AF519775FC5002B9E17 /* ViewController.m */; };
		5E773AF819775FC5002B9E17 /* Images.xcassets in Resources */ = {isa = PBXBuildFile; fileRef = 5E773AF719775FC5002B9E17 /* Images.xcassets */; };
		5E773AFF19775FC5002B9E17 /* XCTest.framework in Frameworks */ = {isa = PBXBuildFile; fileRef = 5E773AFE19775FC5002B9E17 /* XCTest.framework */; };
		5E773B0019775FC5002B9E17 /* Foundation.framework in Frameworks */ = {isa = PBXBuildFile; fileRef = 5E773ADF19775FC5002B9E17 /* Foundation.framework */; };
		5E773B0119775FC5002B9E17 /* UIKit.framework in Frameworks */ = {isa = PBXBuildFile; fileRef = 5E773AE319775FC5002B9E17 /* UIKit.framework */; };
		5E773B0919775FC5002B9E17 /* InfoPlist.strings in Resources */ = {isa = PBXBuildFile; fileRef = 5E773B0719775FC5002B9E17 /* InfoPlist.strings */; };
		5E773B0B19775FC5002B9E17 /* FirstTests.m in Sources */ = {isa = PBXBuildFile; fileRef = 5E773B0A19775FC5002B9E17 /* FirstTests.m */; };
/* End PBXBuildFile section */

/* Begin PBXContainerItemProxy section */
		5E773B0219775FC5002B9E17 /* PBXContainerItemProxy */ = {
			isa = PBXContainerItemProxy;
			containerPortal = 5E773AD419775FC5002B9E17 /* Project object */;
			proxyType = 1;
			remoteGlobalIDString = 5E773ADB19775FC5002B9E17;
			remoteInfo = First;
		};
/* End PBXContainerItemProxy section */

/* Begin PBXFileReference section */
		5E773ADC19775FC5002B9E17 /* First.app */ = {isa = PBXFileReference; explicitFileType = wrapper.application; includeInIndex = 0; path = First.app; sourceTree = BUILT_PRODUCTS_DIR; };
		5E773ADF19775FC5002B9E17 /* Foundation.framework */ = {isa = PBXFileReference; lastKnownFileType = wrapper.framework; name = Foundation.framework; path = System/Library/Frameworks/Foundation.framework; sourceTree = SDKROOT; };
		5E773AE119775FC5002B9E17 /* CoreGraphics.framework */ = {isa = PBXFileReference; lastKnownFileType = wrapper.framework; name = CoreGraphics.framework; path = System/Library/Frameworks/CoreGraphics.framework; sourceTree = SDKROOT; };
		5E773AE319775FC5002B9E17 /* UIKit.framework */ = {isa = PBXFileReference; lastKnownFileType = wrapper.framework; name = UIKit.framework; path = System/Library/Frameworks/UIKit.framework; sourceTree = SDKROOT; };
		5E773AE719775FC5002B9E17 /* First-Info.plist */ = {isa = PBXFileReference; lastKnownFileType = text.plist.xml; path = "First-Info.plist"; sourceTree = "<group>"; };
		5E773AE919775FC5002B9E17 /* en */ = {isa = PBXFileReference; lastKnownFileType = text.plist.strings; name = en; path = en.lproj/InfoPlist.strings; sourceTree = "<group>"; };
		5E773AEB19775FC5002B9E17 /* main.m */ = {isa = PBXFileReference; lastKnownFileType = sourcecode.c.objc; path = main.m; sourceTree = "<group>"; };
		5E773AED19775FC5002B9E17 /* First-Prefix.pch */ = {isa = PBXFileReference; lastKnownFileType = sourcecode.c.h; path = "First-Prefix.pch"; sourceTree = "<group>"; };
		5E773AEE19775FC5002B9E17 /* AppDelegate.h */ = {isa = PBXFileReference; lastKnownFileType = sourcecode.c.h; path = AppDelegate.h; sourceTree = "<group>"; };
		5E773AEF19775FC5002B9E17 /* AppDelegate.m */ = {isa = PBXFileReference; lastKnownFileType = sourcecode.c.objc; path = AppDelegate.m; sourceTree = "<group>"; };
		5E773AF219775FC5002B9E17 /* Base */ = {isa = PBXFileReference; lastKnownFileType = file.storyboard; name = Base; path = Base.lproj/Main.storyboard; sourceTree = "<group>"; };
		5E773AF419775FC5002B9E17 /* ViewController.h */ = {isa = PBXFileReference; lastKnownFileType = sourcecode.c.h; path = ViewController.h; sourceTree = "<group>"; };
		5E773AF519775FC5002B9E17 /* ViewController.m */ = {isa = PBXFileReference; lastKnownFileType = sourcecode.c.objc; path = ViewController.m; sourceTree = "<group>"; };
		5E773AF719775FC5002B9E17 /* Images.xcassets */ = {isa = PBXFileReference; lastKnownFileType = folder.assetcatalog; path = Images.xcassets; sourceTree = "<group>"; };
		5E773AFD19775FC5002B9E17 /* FirstTests.xctest */ = {isa = PBXFileReference; explicitFileType = wrapper.cfbundle; includeInIndex = 0; path = FirstTests.xctest; sourceTree = BUILT_PRODUCTS_DIR; };
		5E773AFE19775FC5002B9E17 /* XCTest.framework */ = {isa = PBXFileReference; lastKnownFileType = wrapper.framework; name = XCTest.framework; path = Library/Frameworks/XCTest.framework; sourceTree = DEVELOPER_DIR; };
		5E773B0619775FC5002B9E17 /* FirstTests-Info.plist */ = {isa = PBXFileReference; lastKnownFileType = text.plist.xml; path = "FirstTests-Info.plist"; sourceTree = "<group>"; };
		5E773B0819775FC5002B9E17 /* en */ = {isa = PBXFileReference; lastKnownFileType = text.plist.strings; name = en; path = en.lproj/InfoPlist.strings; sourceTree = "<group>"; };
		5E773B0A19775FC5002B9E17 /* FirstTests.m */ = {isa = PBXFileReference; lastKnownFileType = sourcecode.c.objc; path = FirstTests.m; sourceTree = "<group>"; };
/* End PBXFileReference section */

/* Begin PBXFrameworksBuildPhase section */
		5E773AD919775FC5002B9E17 /* Frameworks */ = {
			isa = PBXFrameworksBuildPhase;
			buildActionMask = 2147483647;
			files = (
				5E773AE219775FC5002B9E17 /* CoreGraphics.framework in Frameworks */,
				5E773AE419775FC5002B9E17 /* UIKit.framework in Frameworks */,
				5E773AE019775FC5002B9E17 /* Foundation.framework in Frameworks */,
			);
			runOnlyForDeploymentPostprocessing = 0;
		};
		5E773AFA19775FC5002B9E17 /* Frameworks */ = {
			isa = PBXFrameworksBuildPhase;
			buildActionMask = 2147483647;
			files = (
				5E773AFF19775FC5002B9E17 /* XCTest.framework in Frameworks */,
				5E773B0119775FC5002B9E17 /* UIKit.framework in Frameworks */,
				5E773B0019775FC5002B9E17 /* Foundation.framework in Frameworks */,
			);
			runOnlyForDeploymentPostprocessing = 0;
		};
/* End PBXFrameworksBuildPhase section */

/* Begin PBXGroup section */
		5E773AD319775FC5002B9E17 = {
			isa = PBXGroup;
			children = (
				5E773AE519775FC5002B9E17 /* First */,
				5E773B0419775FC5002B9E17 /* FirstTests */,
				5E773ADE19775FC5002B9E17 /* Frameworks */,
				5E773ADD19775FC5002B9E17 /* Products */,
			);
			sourceTree = "<group>";
		};
		5E773ADD19775FC5002B9E17 /* Products */ = {
			isa = PBXGroup;
			children = (
				5E773ADC19775FC5002B9E17 /* First.app */,
				5E773AFD19775FC5002B9E17 /* FirstTests.xctest */,
			);
			name = Products;
			sourceTree = "<group>";
		};
		5E773ADE19775FC5002B9E17 /* Frameworks */ = {
			isa = PBXGroup;
			children = (
				5E773ADF19775FC5002B9E17 /* Foundation.framework */,
				5E773AE119775FC5002B9E17 /* CoreGraphics.framework */,
				5E773AE319775FC5002B9E17 /* UIKit.framework */,
				5E773AFE19775FC5002B9E17 /* XCTest.framework */,
			);
			name = Frameworks;
			sourceTree = "<group>";
		};
		5E773AE519775FC5002B9E17 /* First */ = {
			isa = PBXGroup;
			children = (
				5E773AEE19775FC5002B9E17 /* AppDelegate.h */,
				5E773AEF19775FC5002B9E17 /* AppDelegate.m */,
				5E773AF119775FC5002B9E17 /* Main.storyboard */,
				5E773AF419775FC5002B9E17 /* ViewController.h */,
				5E773AF519775FC5002B9E17 /* ViewController.m */,
				5E773AF719775FC5002B9E17 /* Images.xcassets */,
				5E773AE619775FC5002B9E17 /* Supporting Files */,
			);
			path = First;
			sourceTree = "<group>";
		};
		5E773AE619775FC5002B9E17 /* Supporting Files */ = {
			isa = PBXGroup;
			children = (
				5E773AE719775FC5002B9E17 /* First-Info.plist */,
				5E773AE819775FC5002B9E17 /* InfoPlist.strings */,
				5E773AEB19775FC5002B9E17 /* main.m */,
				5E773AED19775FC5002B9E17 /* First-Prefix.pch */,
			);
			name = "Supporting Files";
			sourceTree = "<group>";
		};
		5E773B0419775FC5002B9E17 /* FirstTests */ = {
			isa = PBXGroup;
			children = (
				5E773B0A19775FC5002B9E17 /* FirstTests.m */,
				5E773B0519775FC5002B9E17 /* Supporting Files */,
			);
			path = FirstTests;
			sourceTree = "<group>";
		};
		5E773B0519775FC5002B9E17 /* Supporting Files */ = {
			isa = PBXGroup;
			children = (
				5E773B0619775FC5002B9E17 /* FirstTests-Info.plist */,
				5E773B0719775FC5002B9E17 /* InfoPlist.strings */,
			);
			name = "Supporting Files";
			sourceTree = "<group>";
		};
/* End PBXGroup section */

/* Begin PBXNativeTarget section */
		5E773ADB19775FC5002B9E17 /* First */ = {
			isa = PBXNativeTarget;
			buildConfigurationList = 5E773B0E19775FC5002B9E17 /* Build configuration list for PBXNativeTarget "First" */;
			buildPhases = (
				5E773AD819775FC5002B9E17 /* Sources */,
				5E773AD919775FC5002B9E17 /* Frameworks */,
				5E773ADA19775FC5002B9E17 /* Resources */,
			);
			buildRules = (
			);
			dependencies = (
			);
			name = First;
			productName = First;
			productReference = 5E773ADC19775FC5002B9E17 /* First.app */;
			productType = "com.apple.product-type.application";
		};
		5E773AFC19775FC5002B9E17 /* FirstTests */ = {
			isa = PBXNativeTarget;
			buildConfigurationList = 5E773B1119775FC5002B9E17 /* Build configuration list for PBXNativeTarget "FirstTests" */;
			buildPhases = (
				5E773AF919775FC5002B9E17 /* Sources */,
				5E773AFA19775FC5002B9E17 /* Frameworks */,
				5E773AFB19775FC5002B9E17 /* Resources */,
			);
			buildRules = (
			);
			dependencies = (
				5E773B0319775FC5002B9E17 /* PBXTargetDependency */,
			);
			name = FirstTests;
			productName = FirstTests;
			productReference = 5E773AFD19775FC5002B9E17 /* FirstTests.xctest */;
			productType = "com.apple.product-type.bundle.unit-test";
		};
/* End PBXNativeTarget section */

/* Begin PBXProject section */
		5E773AD419775FC5002B9E17 /* Project object */ = {
			isa = PBXProject;
			attributes = {
				LastUpgradeCheck = 0510;
				ORGANIZATIONNAME = "Neat Coders";
				TargetAttributes = {
					5E773AFC19775FC5002B9E17 = {
						TestTargetID = 5E773ADB19775FC5002B9E17;
					};
				};
			};
			buildConfigurationList = 5E773AD719775FC5002B9E17 /* Build configuration list for PBXProject "First" */;
			compatibilityVersion = "Xcode 3.2";
			developmentRegion = English;
			hasScannedForEncodings = 0;
			knownRegions = (
				en,
				Base,
			);
			mainGroup = 5E773AD319775FC5002B9E17;
			productRefGroup = 5E773ADD19775FC5002B9E17 /* Products */;
			projectDirPath = "";
			projectRoot = "";
			targets = (
				5E773ADB19775FC5002B9E17 /* First */,
				5E773AFC19775FC5002B9E17 /* FirstTests */,
			);
		};
/* End PBXProject section */

/* Begin PBXResourcesBuildPhase section */
		5E773ADA19775FC5002B9E17 /* Resources */ = {
			isa = PBXResourcesBuildPhase;
			buildActionMask = 2147483647;
			files = (
				5E773AF819775FC5002B9E17 /* Images.xcassets in Resources */,
				5E773AEA19775FC5002B9E17 /* InfoPlist.strings in Resources */,
				5E773AF319775FC5002B9E17 /* Main.storyboard in Resources */,
			);
			runOnlyForDeploymentPostprocessing = 0;
		};
		5E773AFB19775FC5002B9E17 /* Resources */ = {
			isa = PBXResourcesBuildPhase;
			buildActionMask = 2147483647;
			files = (
				5E773B0919775FC5002B9E17 /* InfoPlist.strings in Resources */,
			);
			runOnlyForDeploymentPostprocessing = 0;
		};
/* End PBXResourcesBuildPhase section */

/* Begin PBXSourcesBuildPhase section */
		5E773AD819775FC5002B9E17 /* Sources */ = {
			isa = PBXSourcesBuildPhase;
			buildActionMask = 2147483647;
			files = (
				5E773AF619775FC5002B9E17 /* ViewController.m in Sources */,
				5E773AF019775FC5002B9E17 /* AppDelegate.m in Sources */,
				5E773AEC19775FC5002B9E17 /* main.m in Sources */,
			);
			runOnlyForDeploymentPostprocessing = 0;
		};
		5E773AF919775FC5002B9E17 /* Sources */ = {
			isa = PBXSourcesBuildPhase;
			buildActionMask = 2147483647;
			files = (
				5E773B0B19775FC5002B9E17 /* FirstTests.m in Sources */,
			);
			runOnlyForDeploymentPostprocessing = 0;
		};
/* End PBXSourcesBuildPhase section */

/* Begin PBXTargetDependency section */
		5E773B0319775FC5002B9E17 /* PBXTargetDependency */ = {
			isa = PBXTargetDependency;
			target = 5E773ADB19775FC5002B9E17 /* First */;
			targetProxy = 5E773B0219775FC5002B9E17 /* PBXContainerItemProxy */;
		};
/* End PBXTargetDependency section */

/* Begin PBXVariantGroup section */
		5E773AE819775FC5002B9E17 /* InfoPlist.strings */ = {
			isa = PBXVariantGroup;
			children = (
				5E773AE919775FC5002B9E17 /* en */,
			);
			name = InfoPlist.strings;
			sourceTree = "<group>";
		};
		5E773AF119775FC5002B9E17 /* Main.storyboard */ = {
			isa = PBXVariantGroup;
			children = (
				5E773AF219775FC5002B9E17 /* Base */,
			);
			name = Main.storyboard;
			sourceTree = "<group>";
		};
		5E773B0719775FC5002B9E17 /* InfoPlist.strings */ = {
			isa = PBXVariantGroup;
			children = (
				5E773B0819775FC5002B9E17 /* en */,
			);
			name = InfoPlist.strings;
			sourceTree = "<group>";
		};
/* End PBXVariantGroup section */

/* Begin XCBuildConfiguration section */
		5E773B0C19775FC5002B9E17 /* Debug */ = {
			isa = XCBuildConfiguration;
			buildSettings = {
				ALWAYS_SEARCH_USER_PATHS = NO;
				CLANG_CXX_LANGUAGE_STANDARD = "gnu++0x";
				CLANG_CXX_LIBRARY = "libc++";
				CLANG_ENABLE_MODULES = YES;
				CLANG_ENABLE_OBJC_ARC = YES;
				CLANG_WARN_BOOL_CONVERSION = YES;
				CLANG_WARN_CONSTANT_CONVERSION = YES;
				CLANG_WARN_DIRECT_OBJC_ISA_USAGE = YES_ERROR;
				CLANG_WARN_EMPTY_BODY = YES;
				CLANG_WARN_ENUM_CONVERSION = YES;
				CLANG_WARN_INT_CONVERSION = YES;
				CLANG_WARN_OBJC_ROOT_CLASS = YES_ERROR;
				CLANG_WARN__DUPLICATE_METHOD_MATCH = YES;
				"CODE_SIGN_IDENTITY[sdk=iphoneos*]" = "iPhone Developer";
				COPY_PHASE_STRIP = NO;
				GCC_C_LANGUAGE_STANDARD = gnu99;
				GCC_DYNAMIC_NO_PIC = NO;
				GCC_OPTIMIZATION_LEVEL = 0;
				GCC_PREPROCESSOR_DEFINITIONS = (
					"DEBUG=1",
					"$(inherited)",
				);
				GCC_SYMBOLS_PRIVATE_EXTERN = NO;
				GCC_WARN_64_TO_32_BIT_CONVERSION = YES;
				GCC_WARN_ABOUT_RETURN_TYPE = YES_ERROR;
				GCC_WARN_UNDECLARED_SELECTOR = YES;
				GCC_WARN_UNINITIALIZED_AUTOS = YES_AGGRESSIVE;
				GCC_WARN_UNUSED_FUNCTION = YES;
				GCC_WARN_UNUSED_VARIABLE = YES;
				IPHONEOS_DEPLOYMENT_TARGET = 7.1;
				ONLY_ACTIVE_ARCH = YES;
				SDKROOT = iphoneos;
			};
			name = Debug;
		};
		5E773B0D19775FC5002B9E17 /* Release */ = {
			isa = XCBuildConfiguration;
			buildSettings = {
				ALWAYS_SEARCH_USER_PATHS = NO;
				CLANG_CXX_LANGUAGE_STANDARD = "gnu++0x";
				CLANG_CXX_LIBRARY = "libc++";
				CLANG_ENABLE_MODULES = YES;
				CLANG_ENABLE_OBJC_ARC = YES;
				CLANG_WARN_BOOL_CONVERSION = YES;
				CLANG_WARN_CONSTANT_CONVERSION = YES;
				CLANG_WARN_DIRECT_OBJC_ISA_USAGE = YES_ERROR;
				CLANG_WARN_EMPTY_BODY = YES;
				CLANG_WARN_ENUM_CONVERSION = YES;
				CLANG_WARN_INT_CONVERSION = YES;
				CLANG_WARN_OBJC_ROOT_CLASS = YES_ERROR;
				CLANG_WARN__DUPLICATE_METHOD_MATCH = YES;
				"CODE_SIGN_IDENTITY[sdk=iphoneos*]" = "iPhone Developer";
				COPY_PHASE_STRIP = YES;
				ENABLE_NS_ASSERTIONS = NO;
				GCC_C_LANGUAGE_STANDARD = gnu99;
				GCC_WARN_64_TO_32_BIT_CONVERSION = YES;
				GCC_WARN_ABOUT_RETURN_TYPE = YES_ERROR;
				GCC_WARN_UNDECLARED_SELECTOR = YES;
				GCC_WARN_UNINITIALIZED_AUTOS = YES_AGGRESSIVE;
				GCC_WARN_UNUSED_FUNCTION = YES;
				GCC_WARN_UNUSED_VARIABLE = YES;
				IPHONEOS_DEPLOYMENT_TARGET = 7.1;
				SDKROOT = iphoneos;
				VALIDATE_PRODUCT = YES;
			};
			name = Release;
		};
		5E773B0F19775FC5002B9E17 /* Debug */ = {
			isa = XCBuildConfiguration;
			buildSettings = {
				ASSETCATALOG_COMPILER_APPICON_NAME = AppIcon;
				ASSETCATALOG_COMPILER_LAUNCHIMAGE_NAME = LaunchImage;
				GCC_PRECOMPILE_PREFIX_HEADER = YES;
				GCC_PREFIX_HEADER = "First/First-Prefix.pch";
				INFOPLIST_FILE = "First/First-Info.plist";
				PRODUCT_NAME = "$(TARGET_NAME)";
				WRAPPER_EXTENSION = app;
			};
			name = Debug;
		};
		5E773B1019775FC5002B9E17 /* Release */ = {
			isa = XCBuildConfiguration;
			buildSettings = {
				ASSETCATALOG_COMPILER_APPICON_NAME = AppIcon;
				ASSETCATALOG_COMPILER_LAUNCHIMAGE_NAME = LaunchImage;
				GCC_PRECOMPILE_PREFIX_HEADER = YES;
				GCC_PREFIX_HEADER = "First/First-Prefix.pch";
				INFOPLIST_FILE = "First/First-Info.plist";
				PRODUCT_NAME = "$(TARGET_NAME)";
				WRAPPER_EXTENSION = app;
			};
			name = Release;
		};
		5E773B1219775FC5002B9E17 /* Debug */ = {
			isa = XCBuildConfiguration;
			buildSettings = {
				BUNDLE_LOADER = "$(BUILT_PRODUCTS_DIR)/First.app/First";
				FRAMEWORK_SEARCH_PATHS = (
					"$(SDKROOT)/Developer/Library/Frameworks",
					"$(inherited)",
					"$(DEVELOPER_FRAMEWORKS_DIR)",
				);
				GCC_PRECOMPILE_PREFIX_HEADER = YES;
				GCC_PREFIX_HEADER = "First/First-Prefix.pch";
				GCC_PREPROCESSOR_DEFINITIONS = (
					"DEBUG=1",
					"$(inherited)",
				);
				INFOPLIST_FILE = "FirstTests/FirstTests-Info.plist";
				PRODUCT_NAME = "$(TARGET_NAME)";
				TEST_HOST = "$(BUNDLE_LOADER)";
				WRAPPER_EXTENSION = xctest;
			};
			name = Debug;
		};
		5E773B1319775FC5002B9E17 /* Release */ = {
			isa = XCBuildConfiguration;
			buildSettings = {
				BUNDLE_LOADER = "$(BUILT_PRODUCTS_DIR)/First.app/First";
				FRAMEWORK_SEARCH_PATHS = (
					"$(SDKROOT)/Developer/Library/Frameworks",
					"$(inherited)",
					"$(DEVELOPER_FRAMEWORKS_DIR)",
				);
				GCC_PRECOMPILE_PREFIX_HEADER = YES;
				GCC_PREFIX_HEADER = "First/First-Prefix.pch";
				INFOPLIST_FILE = "FirstTests/FirstTests-Info.plist";
				PRODUCT_NAME = "$(TARGET_NAME)";
				TEST_HOST = "$(BUNDLE_LOADER)";
				WRAPPER_EXTENSION = xctest;
			};
			name = Release;
		};
/* End XCBuildConfiguration section */

/* Begin XCConfigurationList section */
		5E773AD719775FC5002B9E17 /* Build configuration list for PBXProject "First" */ = {
			isa = XCConfigurationList;
			buildConfigurations = (
				5E773B0C19775FC5002B9E17 /* Debug */,
				5E773B0D19775FC5002B9E17 /* Release */,
			);
			defaultConfigurationIsVisible = 0;
			defaultConfigurationName = Release;
		};
		5E773B0E19775FC5002B9E17 /* Build configuration list for PBXNativeTarget "First" */ = {
			isa = XCConfigurationList;
			buildConfigurations = (
				5E773B0F19775FC5002B9E17 /* Debug */,
				5E773B1019775FC5002B9E17 /* Release */,
			);
			defaultConfigurationIsVisible = 0;
		};
		5E773B1119775FC5002B9E17 /* Build configuration list for PBXNativeTarget "FirstTests" */ = {
			isa = XCConfigurationList;
			buildConfigurations = (
				5E773B1219775FC5002B9E17 /* Debug */,
				5E773B1319775FC5002B9E17 /* Release */,
			);
			defaultConfigurationIsVisible = 0;
		};
/* End XCConfigurationList section */
	};
	rootObject = 5E773AD419775FC5002B9E17 /* Project object */;
}
